// !$*UTF8*$!
{
	archiveVersion = 1;
	classes = {
	};
	objectVersion = 50;
	objects = {

/* Begin PBXBuildFile section */
		FBCDB1D526C2DC5E00B272B2 /* AppDelegate.swift in Sources */ = {isa = PBXBuildFile; fileRef = FBCDB1D426C2DC5E00B272B2 /* AppDelegate.swift */; };
		FBCDB1D726C2DC5E00B272B2 /* SceneDelegate.swift in Sources */ = {isa = PBXBuildFile; fileRef = FBCDB1D626C2DC5E00B272B2 /* SceneDelegate.swift */; };
		FBCDB1D926C2DC5E00B272B2 /* ViewController.swift in Sources */ = {isa = PBXBuildFile; fileRef = FBCDB1D826C2DC5E00B272B2 /* ViewController.swift */; };
		FBCDB1DC26C2DC5E00B272B2 /* Main.storyboard in Resources */ = {isa = PBXBuildFile; fileRef = FBCDB1DA26C2DC5E00B272B2 /* Main.storyboard */; };
		FBCDB1DE26C2DC5F00B272B2 /* Assets.xcassets in Resources */ = {isa = PBXBuildFile; fileRef = FBCDB1DD26C2DC5F00B272B2 /* Assets.xcassets */; };
		FBCDB1E126C2DC5F00B272B2 /* LaunchScreen.storyboard in Resources */ = {isa = PBXBuildFile; fileRef = FBCDB1DF26C2DC5F00B272B2 /* LaunchScreen.storyboard */; };
		FBCDB1EC26C2DC6000B272B2 /* SignUpTestCaseImplementationTests.swift in Sources */ = {isa = PBXBuildFile; fileRef = FBCDB1EB26C2DC6000B272B2 /* SignUpTestCaseImplementationTests.swift */; };
		FBCDB1F726C2DC6000B272B2 /* SignUpTestCaseImplementationUITests.swift in Sources */ = {isa = PBXBuildFile; fileRef = FBCDB1F626C2DC6000B272B2 /* SignUpTestCaseImplementationUITests.swift */; };
/* End PBXBuildFile section */

/* Begin PBXContainerItemProxy section */
		FBCDB1E826C2DC6000B272B2 /* PBXContainerItemProxy */ = {
			isa = PBXContainerItemProxy;
			containerPortal = FBCDB1C926C2DC5E00B272B2 /* Project object */;
			proxyType = 1;
			remoteGlobalIDString = FBCDB1D026C2DC5E00B272B2;
			remoteInfo = SignUpTestCaseImplementation;
		};
		FBCDB1F326C2DC6000B272B2 /* PBXContainerItemProxy */ = {
			isa = PBXContainerItemProxy;
			containerPortal = FBCDB1C926C2DC5E00B272B2 /* Project object */;
			proxyType = 1;
			remoteGlobalIDString = FBCDB1D026C2DC5E00B272B2;
			remoteInfo = SignUpTestCaseImplementation;
		};
/* End PBXContainerItemProxy section */

/* Begin PBXFileReference section */
		FBCDB1D126C2DC5E00B272B2 /* SignUpTestCaseImplementation.app */ = {isa = PBXFileReference; explicitFileType = wrapper.application; includeInIndex = 0; path = SignUpTestCaseImplementation.app; sourceTree = BUILT_PRODUCTS_DIR; };
		FBCDB1D426C2DC5E00B272B2 /* AppDelegate.swift */ = {isa = PBXFileReference; lastKnownFileType = sourcecode.swift; path = AppDelegate.swift; sourceTree = "<group>"; };
		FBCDB1D626C2DC5E00B272B2 /* SceneDelegate.swift */ = {isa = PBXFileReference; lastKnownFileType = sourcecode.swift; path = SceneDelegate.swift; sourceTree = "<group>"; };
		FBCDB1D826C2DC5E00B272B2 /* ViewController.swift */ = {isa = PBXFileReference; lastKnownFileType = sourcecode.swift; path = ViewController.swift; sourceTree = "<group>"; };
		FBCDB1DB26C2DC5E00B272B2 /* Base */ = {isa = PBXFileReference; lastKnownFileType = file.storyboard; name = Base; path = Base.lproj/Main.storyboard; sourceTree = "<group>"; };
		FBCDB1DD26C2DC5F00B272B2 /* Assets.xcassets */ = {isa = PBXFileReference; lastKnownFileType = folder.assetcatalog; path = Assets.xcassets; sourceTree = "<group>"; };
		FBCDB1E026C2DC5F00B272B2 /* Base */ = {isa = PBXFileReference; lastKnownFileType = file.storyboard; name = Base; path = Base.lproj/LaunchScreen.storyboard; sourceTree = "<group>"; };
		FBCDB1E226C2DC5F00B272B2 /* Info.plist */ = {isa = PBXFileReference; lastKnownFileType = text.plist.xml; path = Info.plist; sourceTree = "<group>"; };
		FBCDB1E726C2DC6000B272B2 /* SignUpTestCaseImplementationTests.xctest */ = {isa = PBXFileReference; explicitFileType = wrapper.cfbundle; includeInIndex = 0; path = SignUpTestCaseImplementationTests.xctest; sourceTree = BUILT_PRODUCTS_DIR; };
		FBCDB1EB26C2DC6000B272B2 /* SignUpTestCaseImplementationTests.swift */ = {isa = PBXFileReference; lastKnownFileType = sourcecode.swift; path = SignUpTestCaseImplementationTests.swift; sourceTree = "<group>"; };
		FBCDB1ED26C2DC6000B272B2 /* Info.plist */ = {isa = PBXFileReference; lastKnownFileType = text.plist.xml; path = Info.plist; sourceTree = "<group>"; };
		FBCDB1F226C2DC6000B272B2 /* SignUpTestCaseImplementationUITests.xctest */ = {isa = PBXFileReference; explicitFileType = wrapper.cfbundle; includeInIndex = 0; path = SignUpTestCaseImplementationUITests.xctest; sourceTree = BUILT_PRODUCTS_DIR; };
		FBCDB1F626C2DC6000B272B2 /* SignUpTestCaseImplementationUITests.swift */ = {isa = PBXFileReference; lastKnownFileType = sourcecode.swift; path = SignUpTestCaseImplementationUITests.swift; sourceTree = "<group>"; };
		FBCDB1F826C2DC6000B272B2 /* Info.plist */ = {isa = PBXFileReference; lastKnownFileType = text.plist.xml; path = Info.plist; sourceTree = "<group>"; };
/* End PBXFileReference section */

/* Begin PBXFrameworksBuildPhase section */
		FBCDB1CE26C2DC5E00B272B2 /* Frameworks */ = {
			isa = PBXFrameworksBuildPhase;
			buildActionMask = 2147483647;
			files = (
			);
			runOnlyForDeploymentPostprocessing = 0;
		};
		FBCDB1E426C2DC6000B272B2 /* Frameworks */ = {
			isa = PBXFrameworksBuildPhase;
			buildActionMask = 2147483647;
			files = (
			);
			runOnlyForDeploymentPostprocessing = 0;
		};
		FBCDB1EF26C2DC6000B272B2 /* Frameworks */ = {
			isa = PBXFrameworksBuildPhase;
			buildActionMask = 2147483647;
			files = (
			);
			runOnlyForDeploymentPostprocessing = 0;
		};
/* End PBXFrameworksBuildPhase section */

/* Begin PBXGroup section */
		FBCDB1C826C2DC5E00B272B2 = {
			isa = PBXGroup;
			children = (
				FBCDB1D326C2DC5E00B272B2 /* SignUpTestCaseImplementation */,
				FBCDB1EA26C2DC6000B272B2 /* SignUpTestCaseImplementationTests */,
				FBCDB1F526C2DC6000B272B2 /* SignUpTestCaseImplementationUITests */,
				FBCDB1D226C2DC5E00B272B2 /* Products */,
			);
			sourceTree = "<group>";
		};
		FBCDB1D226C2DC5E00B272B2 /* Products */ = {
			isa = PBXGroup;
			children = (
				FBCDB1D126C2DC5E00B272B2 /* SignUpTestCaseImplementation.app */,
				FBCDB1E726C2DC6000B272B2 /* SignUpTestCaseImplementationTests.xctest */,
				FBCDB1F226C2DC6000B272B2 /* SignUpTestCaseImplementationUITests.xctest */,
			);
			name = Products;
			sourceTree = "<group>";
		};
		FBCDB1D326C2DC5E00B272B2 /* SignUpTestCaseImplementation */ = {
			isa = PBXGroup;
			children = (
				FBCDB1D426C2DC5E00B272B2 /* AppDelegate.swift */,
				FBCDB1D626C2DC5E00B272B2 /* SceneDelegate.swift */,
				FBCDB1D826C2DC5E00B272B2 /* ViewController.swift */,
				FBCDB1DA26C2DC5E00B272B2 /* Main.storyboard */,
				FBCDB1DD26C2DC5F00B272B2 /* Assets.xcassets */,
				FBCDB1DF26C2DC5F00B272B2 /* LaunchScreen.storyboard */,
				FBCDB1E226C2DC5F00B272B2 /* Info.plist */,
			);
			path = SignUpTestCaseImplementation;
			sourceTree = "<group>";
		};
		FBCDB1EA26C2DC6000B272B2 /* SignUpTestCaseImplementationTests */ = {
			isa = PBXGroup;
			children = (
				FBCDB1EB26C2DC6000B272B2 /* SignUpTestCaseImplementationTests.swift */,
				FBCDB1ED26C2DC6000B272B2 /* Info.plist */,
			);
			path = SignUpTestCaseImplementationTests;
			sourceTree = "<group>";
		};
		FBCDB1F526C2DC6000B272B2 /* SignUpTestCaseImplementationUITests */ = {
			isa = PBXGroup;
			children = (
				FBCDB1F626C2DC6000B272B2 /* SignUpTestCaseImplementationUITests.swift */,
				FBCDB1F826C2DC6000B272B2 /* Info.plist */,
			);
			path = SignUpTestCaseImplementationUITests;
			sourceTree = "<group>";
		};
/* End PBXGroup section */

/* Begin PBXNativeTarget section */
		FBCDB1D026C2DC5E00B272B2 /* SignUpTestCaseImplementation */ = {
			isa = PBXNativeTarget;
			buildConfigurationList = FBCDB1FB26C2DC6000B272B2 /* Build configuration list for PBXNativeTarget "SignUpTestCaseImplementation" */;
			buildPhases = (
				FBCDB1CD26C2DC5E00B272B2 /* Sources */,
				FBCDB1CE26C2DC5E00B272B2 /* Frameworks */,
				FBCDB1CF26C2DC5E00B272B2 /* Resources */,
			);
			buildRules = (
			);
			dependencies = (
			);
			name = SignUpTestCaseImplementation;
			productName = SignUpTestCaseImplementation;
			productReference = FBCDB1D126C2DC5E00B272B2 /* SignUpTestCaseImplementation.app */;
			productType = "com.apple.product-type.application";
		};
		FBCDB1E626C2DC6000B272B2 /* SignUpTestCaseImplementationTests */ = {
			isa = PBXNativeTarget;
			buildConfigurationList = FBCDB1FE26C2DC6000B272B2 /* Build configuration list for PBXNativeTarget "SignUpTestCaseImplementationTests" */;
			buildPhases = (
				FBCDB1E326C2DC6000B272B2 /* Sources */,
				FBCDB1E426C2DC6000B272B2 /* Frameworks */,
				FBCDB1E526C2DC6000B272B2 /* Resources */,
			);
			buildRules = (
			);
			dependencies = (
				FBCDB1E926C2DC6000B272B2 /* PBXTargetDependency */,
			);
			name = SignUpTestCaseImplementationTests;
			productName = SignUpTestCaseImplementationTests;
			productReference = FBCDB1E726C2DC6000B272B2 /* SignUpTestCaseImplementationTests.xctest */;
			productType = "com.apple.product-type.bundle.unit-test";
		};
		FBCDB1F126C2DC6000B272B2 /* SignUpTestCaseImplementationUITests */ = {
			isa = PBXNativeTarget;
			buildConfigurationList = FBCDB20126C2DC6000B272B2 /* Build configuration list for PBXNativeTarget "SignUpTestCaseImplementationUITests" */;
			buildPhases = (
				FBCDB1EE26C2DC6000B272B2 /* Sources */,
				FBCDB1EF26C2DC6000B272B2 /* Frameworks */,
				FBCDB1F026C2DC6000B272B2 /* Resources */,
			);
			buildRules = (
			);
			dependencies = (
				FBCDB1F426C2DC6000B272B2 /* PBXTargetDependency */,
			);
			name = SignUpTestCaseImplementationUITests;
			productName = SignUpTestCaseImplementationUITests;
			productReference = FBCDB1F226C2DC6000B272B2 /* SignUpTestCaseImplementationUITests.xctest */;
			productType = "com.apple.product-type.bundle.ui-testing";
		};
/* End PBXNativeTarget section */

/* Begin PBXProject section */
		FBCDB1C926C2DC5E00B272B2 /* Project object */ = {
			isa = PBXProject;
			attributes = {
				LastSwiftUpdateCheck = 1250;
				LastUpgradeCheck = 1250;
				TargetAttributes = {
					FBCDB1D026C2DC5E00B272B2 = {
						CreatedOnToolsVersion = 12.5;
					};
					FBCDB1E626C2DC6000B272B2 = {
						CreatedOnToolsVersion = 12.5;
						TestTargetID = FBCDB1D026C2DC5E00B272B2;
					};
					FBCDB1F126C2DC6000B272B2 = {
						CreatedOnToolsVersion = 12.5;
						TestTargetID = FBCDB1D026C2DC5E00B272B2;
					};
				};
			};
			buildConfigurationList = FBCDB1CC26C2DC5E00B272B2 /* Build configuration list for PBXProject "SignUpTestCaseImplementation" */;
			compatibilityVersion = "Xcode 9.3";
			developmentRegion = en;
			hasScannedForEncodings = 0;
			knownRegions = (
				en,
				Base,
			);
			mainGroup = FBCDB1C826C2DC5E00B272B2;
			productRefGroup = FBCDB1D226C2DC5E00B272B2 /* Products */;
			projectDirPath = "";
			projectRoot = "";
			targets = (
				FBCDB1D026C2DC5E00B272B2 /* SignUpTestCaseImplementation */,
				FBCDB1E626C2DC6000B272B2 /* SignUpTestCaseImplementationTests */,
				FBCDB1F126C2DC6000B272B2 /* SignUpTestCaseImplementationUITests */,
			);
		};
/* End PBXProject section */

/* Begin PBXResourcesBuildPhase section */
		FBCDB1CF26C2DC5E00B272B2 /* Resources */ = {
			isa = PBXResourcesBuildPhase;
			buildActionMask = 2147483647;
			files = (
				FBCDB1E126C2DC5F00B272B2 /* LaunchScreen.storyboard in Resources */,
				FBCDB1DE26C2DC5F00B272B2 /* Assets.xcassets in Resources */,
				FBCDB1DC26C2DC5E00B272B2 /* Main.storyboard in Resources */,
			);
			runOnlyForDeploymentPostprocessing = 0;
		};
		FBCDB1E526C2DC6000B272B2 /* Resources */ = {
			isa = PBXResourcesBuildPhase;
			buildActionMask = 2147483647;
			files = (
			);
			runOnlyForDeploymentPostprocessing = 0;
		};
		FBCDB1F026C2DC6000B272B2 /* Resources */ = {
			isa = PBXResourcesBuildPhase;
			buildActionMask = 2147483647;
			files = (
			);
			runOnlyForDeploymentPostprocessing = 0;
		};
/* End PBXResourcesBuildPhase section */

/* Begin PBXSourcesBuildPhase section */
		FBCDB1CD26C2DC5E00B272B2 /* Sources */ = {
			isa = PBXSourcesBuildPhase;
			buildActionMask = 2147483647;
			files = (
				FBCDB1D926C2DC5E00B272B2 /* ViewController.swift in Sources */,
				FBCDB1D526C2DC5E00B272B2 /* AppDelegate.swift in Sources */,
				FBCDB1D726C2DC5E00B272B2 /* SceneDelegate.swift in Sources */,
			);
			runOnlyForDeploymentPostprocessing = 0;
		};
		FBCDB1E326C2DC6000B272B2 /* Sources */ = {
			isa = PBXSourcesBuildPhase;
			buildActionMask = 2147483647;
			files = (
				FBCDB1EC26C2DC6000B272B2 /* SignUpTestCaseImplementationTests.swift in Sources */,
			);
			runOnlyForDeploymentPostprocessing = 0;
		};
		FBCDB1EE26C2DC6000B272B2 /* Sources */ = {
			isa = PBXSourcesBuildPhase;
			buildActionMask = 2147483647;
			files = (
				FBCDB1F726C2DC6000B272B2 /* SignUpTestCaseImplementationUITests.swift in Sources */,
			);
			runOnlyForDeploymentPostprocessing = 0;
		};
/* End PBXSourcesBuildPhase section */

/* Begin PBXTargetDependency section */
		FBCDB1E926C2DC6000B272B2 /* PBXTargetDependency */ = {
			isa = PBXTargetDependency;
			target = FBCDB1D026C2DC5E00B272B2 /* SignUpTestCaseImplementation */;
			targetProxy = FBCDB1E826C2DC6000B272B2 /* PBXContainerItemProxy */;
		};
		FBCDB1F426C2DC6000B272B2 /* PBXTargetDependency */ = {
			isa = PBXTargetDependency;
			target = FBCDB1D026C2DC5E00B272B2 /* SignUpTestCaseImplementation */;
			targetProxy = FBCDB1F326C2DC6000B272B2 /* PBXContainerItemProxy */;
		};
/* End PBXTargetDependency section */

/* Begin PBXVariantGroup section */
		FBCDB1DA26C2DC5E00B272B2 /* Main.storyboard */ = {
			isa = PBXVariantGroup;
			children = (
				FBCDB1DB26C2DC5E00B272B2 /* Base */,
			);
			name = Main.storyboard;
			sourceTree = "<group>";
		};
		FBCDB1DF26C2DC5F00B272B2 /* LaunchScreen.storyboard */ = {
			isa = PBXVariantGroup;
			children = (
				FBCDB1E026C2DC5F00B272B2 /* Base */,
			);
			name = LaunchScreen.storyboard;
			sourceTree = "<group>";
		};
/* End PBXVariantGroup section */

/* Begin XCBuildConfiguration section */
		FBCDB1F926C2DC6000B272B2 /* Debug */ = {
			isa = XCBuildConfiguration;
			buildSettings = {
				ALWAYS_SEARCH_USER_PATHS = NO;
				CLANG_ANALYZER_NONNULL = YES;
				CLANG_ANALYZER_NUMBER_OBJECT_CONVERSION = YES_AGGRESSIVE;
				CLANG_CXX_LANGUAGE_STANDARD = "gnu++14";
				CLANG_CXX_LIBRARY = "libc++";
				CLANG_ENABLE_MODULES = YES;
				CLANG_ENABLE_OBJC_ARC = YES;
				CLANG_ENABLE_OBJC_WEAK = YES;
				CLANG_WARN_BLOCK_CAPTURE_AUTORELEASING = YES;
				CLANG_WARN_BOOL_CONVERSION = YES;
				CLANG_WARN_COMMA = YES;
				CLANG_WARN_CONSTANT_CONVERSION = YES;
				CLANG_WARN_DEPRECATED_OBJC_IMPLEMENTATIONS = YES;
				CLANG_WARN_DIRECT_OBJC_ISA_USAGE = YES_ERROR;
				CLANG_WARN_DOCUMENTATION_COMMENTS = YES;
				CLANG_WARN_EMPTY_BODY = YES;
				CLANG_WARN_ENUM_CONVERSION = YES;
				CLANG_WARN_INFINITE_RECURSION = YES;
				CLANG_WARN_INT_CONVERSION = YES;
				CLANG_WARN_NON_LITERAL_NULL_CONVERSION = YES;
				CLANG_WARN_OBJC_IMPLICIT_RETAIN_SELF = YES;
				CLANG_WARN_OBJC_LITERAL_CONVERSION = YES;
				CLANG_WARN_OBJC_ROOT_CLASS = YES_ERROR;
				CLANG_WARN_QUOTED_INCLUDE_IN_FRAMEWORK_HEADER = YES;
				CLANG_WARN_RANGE_LOOP_ANALYSIS = YES;
				CLANG_WARN_STRICT_PROTOTYPES = YES;
				CLANG_WARN_SUSPICIOUS_MOVE = YES;
				CLANG_WARN_UNGUARDED_AVAILABILITY = YES_AGGRESSIVE;
				CLANG_WARN_UNREACHABLE_CODE = YES;
				CLANG_WARN__DUPLICATE_METHOD_MATCH = YES;
				COPY_PHASE_STRIP = NO;
				DEBUG_INFORMATION_FORMAT = dwarf;
				ENABLE_STRICT_OBJC_MSGSEND = YES;
				ENABLE_TESTABILITY = YES;
				GCC_C_LANGUAGE_STANDARD = gnu11;
				GCC_DYNAMIC_NO_PIC = NO;
				GCC_NO_COMMON_BLOCKS = YES;
				GCC_OPTIMIZATION_LEVEL = 0;
				GCC_PREPROCESSOR_DEFINITIONS = (
					"DEBUG=1",
					"$(inherited)",
				);
				GCC_WARN_64_TO_32_BIT_CONVERSION = YES;
				GCC_WARN_ABOUT_RETURN_TYPE = YES_ERROR;
				GCC_WARN_UNDECLARED_SELECTOR = YES;
				GCC_WARN_UNINITIALIZED_AUTOS = YES_AGGRESSIVE;
				GCC_WARN_UNUSED_FUNCTION = YES;
				GCC_WARN_UNUSED_VARIABLE = YES;
				IPHONEOS_DEPLOYMENT_TARGET = 14.5;
				MTL_ENABLE_DEBUG_INFO = INCLUDE_SOURCE;
				MTL_FAST_MATH = YES;
				ONLY_ACTIVE_ARCH = YES;
				SDKROOT = iphoneos;
				SWIFT_ACTIVE_COMPILATION_CONDITIONS = DEBUG;
				SWIFT_OPTIMIZATION_LEVEL = "-Onone";
			};
			name = Debug;
		};
		FBCDB1FA26C2DC6000B272B2 /* Release */ = {
			isa = XCBuildConfiguration;
			buildSettings = {
				ALWAYS_SEARCH_USER_PATHS = NO;
				CLANG_ANALYZER_NONNULL = YES;
				CLANG_ANALYZER_NUMBER_OBJECT_CONVERSION = YES_AGGRESSIVE;
				CLANG_CXX_LANGUAGE_STANDARD = "gnu++14";
				CLANG_CXX_LIBRARY = "libc++";
				CLANG_ENABLE_MODULES = YES;
				CLANG_ENABLE_OBJC_ARC = YES;
				CLANG_ENABLE_OBJC_WEAK = YES;
				CLANG_WARN_BLOCK_CAPTURE_AUTORELEASING = YES;
				CLANG_WARN_BOOL_CONVERSION = YES;
				CLANG_WARN_COMMA = YES;
				CLANG_WARN_CONSTANT_CONVERSION = YES;
				CLANG_WARN_DEPRECATED_OBJC_IMPLEMENTATIONS = YES;
				CLANG_WARN_DIRECT_OBJC_ISA_USAGE = YES_ERROR;
				CLANG_WARN_DOCUMENTATION_COMMENTS = YES;
				CLANG_WARN_EMPTY_BODY = YES;
				CLANG_WARN_ENUM_CONVERSION = YES;
				CLANG_WARN_INFINITE_RECURSION = YES;
				CLANG_WARN_INT_CONVERSION = YES;
				CLANG_WARN_NON_LITERAL_NULL_CONVERSION = YES;
				CLANG_WARN_OBJC_IMPLICIT_RETAIN_SELF = YES;
				CLANG_WARN_OBJC_LITERAL_CONVERSION = YES;
				CLANG_WARN_OBJC_ROOT_CLASS = YES_ERROR;
				CLANG_WARN_QUOTED_INCLUDE_IN_FRAMEWORK_HEADER = YES;
				CLANG_WARN_RANGE_LOOP_ANALYSIS = YES;
				CLANG_WARN_STRICT_PROTOTYPES = YES;
				CLANG_WARN_SUSPICIOUS_MOVE = YES;
				CLANG_WARN_UNGUARDED_AVAILABILITY = YES_AGGRESSIVE;
				CLANG_WARN_UNREACHABLE_CODE = YES;
				CLANG_WARN__DUPLICATE_METHOD_MATCH = YES;
				COPY_PHASE_STRIP = NO;
				DEBUG_INFORMATION_FORMAT = "dwarf-with-dsym";
				ENABLE_NS_ASSERTIONS = NO;
				ENABLE_STRICT_OBJC_MSGSEND = YES;
				GCC_C_LANGUAGE_STANDARD = gnu11;
				GCC_NO_COMMON_BLOCKS = YES;
				GCC_WARN_64_TO_32_BIT_CONVERSION = YES;
				GCC_WARN_ABOUT_RETURN_TYPE = YES_ERROR;
				GCC_WARN_UNDECLARED_SELECTOR = YES;
				GCC_WARN_UNINITIALIZED_AUTOS = YES_AGGRESSIVE;
				GCC_WARN_UNUSED_FUNCTION = YES;
				GCC_WARN_UNUSED_VARIABLE = YES;
				IPHONEOS_DEPLOYMENT_TARGET = 14.5;
				MTL_ENABLE_DEBUG_INFO = NO;
				MTL_FAST_MATH = YES;
				SDKROOT = iphoneos;
				SWIFT_COMPILATION_MODE = wholemodule;
				SWIFT_OPTIMIZATION_LEVEL = "-O";
				VALIDATE_PRODUCT = YES;
			};
			name = Release;
		};
		FBCDB1FC26C2DC6000B272B2 /* Debug */ = {
			isa = XCBuildConfiguration;
			buildSettings = {
				ASSETCATALOG_COMPILER_APPICON_NAME = AppIcon;
				ASSETCATALOG_COMPILER_GLOBAL_ACCENT_COLOR_NAME = AccentColor;
				CODE_SIGN_STYLE = Automatic;
				DEVELOPMENT_TEAM = G3G99VS84K;
				INFOPLIST_FILE = SignUpTestCaseImplementation/Info.plist;
				LD_RUNPATH_SEARCH_PATHS = (
					"$(inherited)",
					"@executable_path/Frameworks",
				);
				PRODUCT_BUNDLE_IDENTIFIER = com.interview.SignUpTestCaseImplementation;
				PRODUCT_NAME = "$(TARGET_NAME)";
				SWIFT_VERSION = 5.0;
				TARGETED_DEVICE_FAMILY = "1,2";
			};
			name = Debug;
		};
		FBCDB1FD26C2DC6000B272B2 /* Release */ = {
			isa = XCBuildConfiguration;
			buildSettings = {
				ASSETCATALOG_COMPILER_APPICON_NAME = AppIcon;
				ASSETCATALOG_COMPILER_GLOBAL_ACCENT_COLOR_NAME = AccentColor;
				CODE_SIGN_STYLE = Automatic;
				DEVELOPMENT_TEAM = G3G99VS84K;
				INFOPLIST_FILE = SignUpTestCaseImplementation/Info.plist;
				LD_RUNPATH_SEARCH_PATHS = (
					"$(inherited)",
					"@executable_path/Frameworks",
				);
				PRODUCT_BUNDLE_IDENTIFIER = com.interview.SignUpTestCaseImplementation;
				PRODUCT_NAME = "$(TARGET_NAME)";
				SWIFT_VERSION = 5.0;
				TARGETED_DEVICE_FAMILY = "1,2";
			};
			name = Release;
		};
		FBCDB1FF26C2DC6000B272B2 /* Debug */ = {
			isa = XCBuildConfiguration;
			buildSettings = {
				ALWAYS_EMBED_SWIFT_STANDARD_LIBRARIES = YES;
				BUNDLE_LOADER = "$(TEST_HOST)";
				CODE_SIGN_STYLE = Automatic;
				DEVELOPMENT_TEAM = G3G99VS84K;
				INFOPLIST_FILE = SignUpTestCaseImplementationTests/Info.plist;
				IPHONEOS_DEPLOYMENT_TARGET = 14.5;
				LD_RUNPATH_SEARCH_PATHS = (
					"$(inherited)",
					"@executable_path/Frameworks",
					"@loader_path/Frameworks",
				);
				PRODUCT_BUNDLE_IDENTIFIER = com.interview.SignUpTestCaseImplementationTests;
				PRODUCT_NAME = "$(TARGET_NAME)";
				SWIFT_VERSION = 5.0;
				TARGETED_DEVICE_FAMILY = "1,2";
				TEST_HOST = "$(BUILT_PRODUCTS_DIR)/SignUpTestCaseImplementation.app/SignUpTestCaseImplementation";
			};
			name = Debug;
		};
		FBCDB20026C2DC6000B272B2 /* Release */ = {
			isa = XCBuildConfiguration;
			buildSettings = {
				ALWAYS_EMBED_SWIFT_STANDARD_LIBRARIES = YES;
				BUNDLE_LOADER = "$(TEST_HOST)";
				CODE_SIGN_STYLE = Automatic;
				DEVELOPMENT_TEAM = G3G99VS84K;
				INFOPLIST_FILE = SignUpTestCaseImplementationTests/Info.plist;
				IPHONEOS_DEPLOYMENT_TARGET = 14.5;
				LD_RUNPATH_SEARCH_PATHS = (
					"$(inherited)",
					"@executable_path/Frameworks",
					"@loader_path/Frameworks",
				);
				PRODUCT_BUNDLE_IDENTIFIER = com.interview.SignUpTestCaseImplementationTests;
				PRODUCT_NAME = "$(TARGET_NAME)";
				SWIFT_VERSION = 5.0;
				TARGETED_DEVICE_FAMILY = "1,2";
				TEST_HOST = "$(BUILT_PRODUCTS_DIR)/SignUpTestCaseImplementation.app/SignUpTestCaseImplementation";
			};
			name = Release;
		};
		FBCDB20226C2DC6000B272B2 /* Debug */ = {
			isa = XCBuildConfiguration;
			buildSettings = {
				ALWAYS_EMBED_SWIFT_STANDARD_LIBRARIES = YES;
				CODE_SIGN_STYLE = Automatic;
				DEVELOPMENT_TEAM = G3G99VS84K;
				INFOPLIST_FILE = SignUpTestCaseImplementationUITests/Info.plist;
				LD_RUNPATH_SEARCH_PATHS = (
					"$(inherited)",
					"@executable_path/Frameworks",
					"@loader_path/Frameworks",
				);
				PRODUCT_BUNDLE_IDENTIFIER = com.interview.SignUpTestCaseImplementationUITests;
				PRODUCT_NAME = "$(TARGET_NAME)";
				SWIFT_VERSION = 5.0;
				TARGETED_DEVICE_FAMILY = "1,2";
				TEST_TARGET_NAME = SignUpTestCaseImplementation;
			};
			name = Debug;
		};
		FBCDB20326C2DC6000B272B2 /* Release */ = {
			isa = XCBuildConfiguration;
			buildSettings = {
				ALWAYS_EMBED_SWIFT_STANDARD_LIBRARIES = YES;
				CODE_SIGN_STYLE = Automatic;
				DEVELOPMENT_TEAM = G3G99VS84K;
				INFOPLIST_FILE = SignUpTestCaseImplementationUITests/Info.plist;
				LD_RUNPATH_SEARCH_PATHS = (
					"$(inherited)",
					"@executable_path/Frameworks",
					"@loader_path/Frameworks",
				);
				PRODUCT_BUNDLE_IDENTIFIER = com.interview.SignUpTestCaseImplementationUITests;
				PRODUCT_NAME = "$(TARGET_NAME)";
				SWIFT_VERSION = 5.0;
				TARGETED_DEVICE_FAMILY = "1,2";
				TEST_TARGET_NAME = SignUpTestCaseImplementation;
			};
			name = Release;
		};
/* End XCBuildConfiguration section */

/* Begin XCConfigurationList section */
		FBCDB1CC26C2DC5E00B272B2 /* Build configuration list for PBXProject "SignUpTestCaseImplementation" */ = {
			isa = XCConfigurationList;
			buildConfigurations = (
				FBCDB1F926C2DC6000B272B2 /* Debug */,
				FBCDB1FA26C2DC6000B272B2 /* Release */,
			);
			defaultConfigurationIsVisible = 0;
			defaultConfigurationName = Release;
		};
		FBCDB1FB26C2DC6000B272B2 /* Build configuration list for PBXNativeTarget "SignUpTestCaseImplementation" */ = {
			isa = XCConfigurationList;
			buildConfigurations = (
				FBCDB1FC26C2DC6000B272B2 /* Debug */,
				FBCDB1FD26C2DC6000B272B2 /* Release */,
			);
			defaultConfigurationIsVisible = 0;
			defaultConfigurationName = Release;
		};
		FBCDB1FE26C2DC6000B272B2 /* Build configuration list for PBXNativeTarget "SignUpTestCaseImplementationTests" */ = {
			isa = XCConfigurationList;
			buildConfigurations = (
				FBCDB1FF26C2DC6000B272B2 /* Debug */,
				FBCDB20026C2DC6000B272B2 /* Release */,
			);
			defaultConfigurationIsVisible = 0;
			defaultConfigurationName = Release;
		};
		FBCDB20126C2DC6000B272B2 /* Build configuration list for PBXNativeTarget "SignUpTestCaseImplementationUITests" */ = {
			isa = XCConfigurationList;
			buildConfigurations = (
				FBCDB20226C2DC6000B272B2 /* Debug */,
				FBCDB20326C2DC6000B272B2 /* Release */,
			);
			defaultConfigurationIsVisible = 0;
			defaultConfigurationName = Release;
		};
/* End XCConfigurationList section */
	};
	rootObject = FBCDB1C926C2DC5E00B272B2 /* Project object */;
}
